
Microsoft Visual Studio Solution File, Format Version 12.00
# Visual Studio Version 17
VisualStudioVersion = 17.6.33723.286
MinimumVisualStudioVersion = 10.0.40219.1
Project("{9A19103F-16F7-4668-BE54-9A1E7A4F7556}") = "Lab06_ASP.Net", "Lab06_ASP.Net\Lab06_ASP.Net.csproj", "{4DD32871-829C-4F19-80B5-1350973D7595}"
EndProject
Project("{FAE04EC0-301F-11D3-BF4B-00C04F79EFBC}") = "ReportsApplication1", "ReportsApplication1\ReportsApplication1.csproj", "{A7758D21-9790-4C0E-BB39-1C89CB89E343}"
EndProject
Global
	GlobalSection(SolutionConfigurationPlatforms) = preSolution
		Debug|Any CPU = Debug|Any CPU
		Release|Any CPU = Release|Any CPU
	EndGlobalSection
	GlobalSection(ProjectConfigurationPlatforms) = postSolution
		{4DD32871-829C-4F19-80B5-1350973D7595}.Debug|Any CPU.ActiveCfg = Debug|Any CPU
		{4DD32871-829C-4F19-80B5-1350973D7595}.Debug|Any CPU.Build.0 = Debug|Any CPU
		{4DD32871-829C-4F19-80B5-1350973D7595}.Release|Any CPU.ActiveCfg = Release|Any CPU
		{4DD32871-829C-4F19-80B5-1350973D7595}.Release|Any CPU.Build.0 = Release|Any CPU
		{A7758D21-9790-4C0E-BB39-1C89CB89E343}.Debug|Any CPU.ActiveCfg = Debug|Any CPU
		{A7758D21-9790-4C0E-BB39-1C89CB89E343}.Debug|Any CPU.Build.0 = Debug|Any CPU
		{A7758D21-9790-4C0E-BB39-1C89CB89E343}.Release|Any CPU.ActiveCfg = Release|Any CPU
		{A7758D21-9790-4C0E-BB39-1C89CB89E343}.Release|Any CPU.Build.0 = Release|Any CPU
	EndGlobalSection
	GlobalSection(SolutionProperties) = preSolution
		HideSolutionNode = FALSE
	EndGlobalSection
	GlobalSection(ExtensibilityGlobals) = postSolution
		SolutionGuid = {28B64327-04E2-4B61-9785-EAB0A75E6D6F}
	EndGlobalSection
EndGlobal
